
Microsoft Visual Studio Solution File, Format Version 12.00
# Visual Studio Version 17
VisualStudioVersion = 17.11.35327.3
MinimumVisualStudioVersion = 10.0.40219.1
Project("{FAE04EC0-301F-11D3-BF4B-00C04F79EFBC}") = "ProductSalesAnomalyDetection", "ProductSalesAnomalyDetection\ProductSalesAnomalyDetection.csproj", "{66D73409-4831-4598-A283-2BA5D6E0F9C8}"
EndProject
Project("{FAE04EC0-301F-11D3-BF4B-00C04F79EFBC}") = "GUI", "GUI\GUI.csproj", "{4D4374A5-46C9-449E-B9FA-526873117E52}"
EndProject
Global
	GlobalSection(SolutionConfigurationPlatforms) = preSolution
		Debug|Any CPU = Debug|Any CPU
		Release|Any CPU = Release|Any CPU
	EndGlobalSection
	GlobalSection(ProjectConfigurationPlatforms) = postSolution
		{66D73409-4831-4598-A283-2BA5D6E0F9C8}.Debug|Any CPU.ActiveCfg = Debug|Any CPU
		{66D73409-4831-4598-A283-2BA5D6E0F9C8}.Debug|Any CPU.Build.0 = Debug|Any CPU
		{66D73409-4831-4598-A283-2BA5D6E0F9C8}.Release|Any CPU.ActiveCfg = Release|Any CPU
		{66D73409-4831-4598-A283-2BA5D6E0F9C8}.Release|Any CPU.Build.0 = Release|Any CPU
		{4D4374A5-46C9-449E-B9FA-526873117E52}.Debug|Any CPU.ActiveCfg = Debug|Any CPU
		{4D4374A5-46C9-449E-B9FA-526873117E52}.Debug|Any CPU.Build.0 = Debug|Any CPU
		{4D4374A5-46C9-449E-B9FA-526873117E52}.Release|Any CPU.ActiveCfg = Release|Any CPU
		{4D4374A5-46C9-449E-B9FA-526873117E52}.Release|Any CPU.Build.0 = Release|Any CPU
	EndGlobalSection
	GlobalSection(SolutionProperties) = preSolution
		HideSolutionNode = FALSE
	EndGlobalSection
	GlobalSection(ExtensibilityGlobals) = postSolution
		SolutionGuid = {E307CF25-6554-4856-AF04-D9F54AA58A3E}
	EndGlobalSection
EndGlobal
